
Microsoft Visual Studio Solution File, Format Version 12.00
# Visual Studio Version 17
VisualStudioVersion = 17.9.34728.123
MinimumVisualStudioVersion = 10.0.40219.1
Project("{FAE04EC0-301F-11D3-BF4B-00C04F79EFBC}") = "FootballApp_5by5", "FootballApp_5by5\FootballApp_5by5.csproj", "{29F3892D-74CB-471B-A1C3-636BC6A08D84}"
EndProject
Global
	GlobalSection(SolutionConfigurationPlatforms) = preSolution
		Debug|Any CPU = Debug|Any CPU
		Release|Any CPU = Release|Any CPU
	EndGlobalSection
	GlobalSection(ProjectConfigurationPlatforms) = postSolution
		{29F3892D-74CB-471B-A1C3-636BC6A08D84}.Debug|Any CPU.ActiveCfg = Debug|Any CPU
		{29F3892D-74CB-471B-A1C3-636BC6A08D84}.Debug|Any CPU.Build.0 = Debug|Any CPU
		{29F3892D-74CB-471B-A1C3-636BC6A08D84}.Release|Any CPU.ActiveCfg = Release|Any CPU
		{29F3892D-74CB-471B-A1C3-636BC6A08D84}.Release|Any CPU.Build.0 = Release|Any CPU
	EndGlobalSection
	GlobalSection(SolutionProperties) = preSolution
		HideSolutionNode = FALSE
	EndGlobalSection
	GlobalSection(ExtensibilityGlobals) = postSolution
		SolutionGuid = {FDCA57DE-475A-4793-A753-975D6D18F531}
	EndGlobalSection
EndGlobal
